
Microsoft Visual Studio Solution File, Format Version 12.00
# Visual Studio 15
VisualStudioVersion = 15.0.28010.2036
MinimumVisualStudioVersion = 10.0.40219.1
Project("{FAE04EC0-301F-11D3-BF4B-00C04F79EFBC}") = "Nullable build up", "Nullable build up\Nullable build up.csproj", "{30BD413C-5690-43AA-97C9-7726CA7E2FA1}"
EndProject
Global
	GlobalSection(SolutionConfigurationPlatforms) = preSolution
		Debug|Any CPU = Debug|Any CPU
		Release|Any CPU = Release|Any CPU
	EndGlobalSection
	GlobalSection(ProjectConfigurationPlatforms) = postSolution
		{30BD413C-5690-43AA-97C9-7726CA7E2FA1}.Debug|Any CPU.ActiveCfg = Debug|Any CPU
		{30BD413C-5690-43AA-97C9-7726CA7E2FA1}.Debug|Any CPU.Build.0 = Debug|Any CPU
		{30BD413C-5690-43AA-97C9-7726CA7E2FA1}.Release|Any CPU.ActiveCfg = Release|Any CPU
		{30BD413C-5690-43AA-97C9-7726CA7E2FA1}.Release|Any CPU.Build.0 = Release|Any CPU
	EndGlobalSection
	GlobalSection(SolutionProperties) = preSolution
		HideSolutionNode = FALSE
	EndGlobalSection
	GlobalSection(ExtensibilityGlobals) = postSolution
		SolutionGuid = {6E979C23-93D0-41D6-8F42-B68E8B37BC87}
	EndGlobalSection
EndGlobal
